
Microsoft Visual Studio Solution File, Format Version 12.00
# Visual Studio Version 16
VisualStudioVersion = 16.0.30717.126
MinimumVisualStudioVersion = 10.0.40219.1
Project("{FAE04EC0-301F-11D3-BF4B-00C04F79EFBC}") = "Demo-Sandalo", "Demo-Sandalo\Demo-Sandalo.csproj", "{B4F8D1D1-D0D5-463B-A023-618C830E1AFD}"
EndProject
Global
	GlobalSection(SolutionConfigurationPlatforms) = preSolution
		Debug|Any CPU = Debug|Any CPU
		Release|Any CPU = Release|Any CPU
	EndGlobalSection
	GlobalSection(ProjectConfigurationPlatforms) = postSolution
		{B4F8D1D1-D0D5-463B-A023-618C830E1AFD}.Debug|Any CPU.ActiveCfg = Debug|Any CPU
		{B4F8D1D1-D0D5-463B-A023-618C830E1AFD}.Debug|Any CPU.Build.0 = Debug|Any CPU
		{B4F8D1D1-D0D5-463B-A023-618C830E1AFD}.Release|Any CPU.ActiveCfg = Release|Any CPU
		{B4F8D1D1-D0D5-463B-A023-618C830E1AFD}.Release|Any CPU.Build.0 = Release|Any CPU
	EndGlobalSection
	GlobalSection(SolutionProperties) = preSolution
		HideSolutionNode = FALSE
	EndGlobalSection
	GlobalSection(ExtensibilityGlobals) = postSolution
		SolutionGuid = {D509BAE4-410C-49CC-BCBE-2AE38EBE2437}
	EndGlobalSection
EndGlobal
